// !$*UTF8*$!
{
	archiveVersion = 1;
	classes = {
	};
	objectVersion = 55;
	objects = {

/* Begin PBXBuildFile section */
		A309BDC5281AA35E0076BC31 /* ProfileViewController.swift in Sources */ = {isa = PBXBuildFile; fileRef = A309BDC4281AA35E0076BC31 /* ProfileViewController.swift */; };
		A309BDD6281EE0940076BC31 /* RegistrationDateTableViewCell.swift in Sources */ = {isa = PBXBuildFile; fileRef = A309BDD4281EE0940076BC31 /* RegistrationDateTableViewCell.swift */; };
		A309BDD7281EE0940076BC31 /* RegistrationDateTableViewCell.xib in Resources */ = {isa = PBXBuildFile; fileRef = A309BDD5281EE0940076BC31 /* RegistrationDateTableViewCell.xib */; };
		A309BDDD281EE71B0076BC31 /* UITableViewCell+NibName.swift in Sources */ = {isa = PBXBuildFile; fileRef = A309BDDC281EE71B0076BC31 /* UITableViewCell+NibName.swift */; };
		A309BDDF281EE7D80076BC31 /* NSObject+ClassName.swift in Sources */ = {isa = PBXBuildFile; fileRef = A309BDDE281EE7D80076BC31 /* NSObject+ClassName.swift */; };
		A309BDE2281EEA800076BC31 /* ProfileColorTableViewCell.swift in Sources */ = {isa = PBXBuildFile; fileRef = A309BDE0281EEA800076BC31 /* ProfileColorTableViewCell.swift */; };
		A309BDE3281EEA800076BC31 /* ProfileColorTableViewCell.xib in Resources */ = {isa = PBXBuildFile; fileRef = A309BDE1281EEA800076BC31 /* ProfileColorTableViewCell.xib */; };
		A309BDE6281EEB000076BC31 /* UserPhotoTableViewCell.swift in Sources */ = {isa = PBXBuildFile; fileRef = A309BDE4281EEB000076BC31 /* UserPhotoTableViewCell.swift */; };
		A309BDE7281EEB000076BC31 /* UserPhotoTableViewCell.xib in Resources */ = {isa = PBXBuildFile; fileRef = A309BDE5281EEB000076BC31 /* UserPhotoTableViewCell.xib */; };
		A32DB5EE283622ED00DDBD76 /* KeychainAccess in Frameworks */ = {isa = PBXBuildFile; productRef = A32DB5ED283622ED00DDBD76 /* KeychainAccess */; };
		A32DB5F128369E9200DDBD76 /* StorageManager.swift in Sources */ = {isa = PBXBuildFile; fileRef = A32DB5F028369E9200DDBD76 /* StorageManager.swift */; };
		A32DB5F628391E5800DDBD76 /* JGProgressHUD in Frameworks */ = {isa = PBXBuildFile; productRef = A32DB5F528391E5800DDBD76 /* JGProgressHUD */; };
		A32DB5F928391E7000DDBD76 /* Alamofire in Frameworks */ = {isa = PBXBuildFile; productRef = A32DB5F828391E7000DDBD76 /* Alamofire */; };
		A32DB5FE2839210200DDBD76 /* NetworkManager.swift in Sources */ = {isa = PBXBuildFile; fileRef = A32DB5FD2839210200DDBD76 /* NetworkManager.swift */; };
		A32DB60328396DE900DDBD76 /* UsernameStatus.swift in Sources */ = {isa = PBXBuildFile; fileRef = A32DB60228396DE900DDBD76 /* UsernameStatus.swift */; };
		A32DB60528396F3000DDBD76 /* CheckUsername.swift in Sources */ = {isa = PBXBuildFile; fileRef = A32DB60428396F3000DDBD76 /* CheckUsername.swift */; };
		A32DB607283972BD00DDBD76 /* TokenResponse.swift in Sources */ = {isa = PBXBuildFile; fileRef = A32DB606283972BD00DDBD76 /* TokenResponse.swift */; };
		A32DB60A283B8BD900DDBD76 /* SnackBar in Frameworks */ = {isa = PBXBuildFile; productRef = A32DB609283B8BD900DDBD76 /* SnackBar */; };
		A32DB60E283C004600DDBD76 /* ServiceLocator.swift in Sources */ = {isa = PBXBuildFile; fileRef = A32DB60D283C004600DDBD76 /* ServiceLocator.swift */; };
		A32DB610283C0EDB00DDBD76 /* ProfileResponse.swift in Sources */ = {isa = PBXBuildFile; fileRef = A32DB60F283C0EDB00DDBD76 /* ProfileResponse.swift */; };
		A32DB612283CAE8D00DDBD76 /* AppSnackBar.swift in Sources */ = {isa = PBXBuildFile; fileRef = A32DB611283CAE8D00DDBD76 /* AppSnackBar.swift */; };
		A359CF4C28466D820021BDCC /* LocationViewController.swift in Sources */ = {isa = PBXBuildFile; fileRef = A359CF4B28466D820021BDCC /* LocationViewController.swift */; };
		A359CF4F28466F6B0021BDCC /* LocationTableViewCell.swift in Sources */ = {isa = PBXBuildFile; fileRef = A359CF4D28466F6B0021BDCC /* LocationTableViewCell.swift */; };
		A359CF5028466F6B0021BDCC /* LocationTableViewCell.xib in Resources */ = {isa = PBXBuildFile; fileRef = A359CF4E28466F6B0021BDCC /* LocationTableViewCell.xib */; };
		A3917E95280D67A2009168F0 /* FlickeringButton.swift in Sources */ = {isa = PBXBuildFile; fileRef = A3917E94280D67A2009168F0 /* FlickeringButton.swift */; };
		A3C883B92844ACD2001649F0 /* InfoResponse.swift in Sources */ = {isa = PBXBuildFile; fileRef = A3C883B82844ACD2001649F0 /* InfoResponse.swift */; };
		A3C883BB2844ACF8001649F0 /* ResultsResponse.swift in Sources */ = {isa = PBXBuildFile; fileRef = A3C883BA2844ACF8001649F0 /* ResultsResponse.swift */; };
		A3C883BD2844B79A001649F0 /* LocationResponse.swift in Sources */ = {isa = PBXBuildFile; fileRef = A3C883BC2844B79A001649F0 /* LocationResponse.swift */; };
		A3C883BF2845384C001649F0 /* ProfileNetworkManager.swift in Sources */ = {isa = PBXBuildFile; fileRef = A3C883BE2845384C001649F0 /* ProfileNetworkManager.swift */; };
		A3C883C1284538E3001649F0 /* RegistrationNetworkManager.swift in Sources */ = {isa = PBXBuildFile; fileRef = A3C883C0284538E3001649F0 /* RegistrationNetworkManager.swift */; };
		A3C883C328453939001649F0 /* AuthentificationNetworkManager.swift in Sources */ = {isa = PBXBuildFile; fileRef = A3C883C228453939001649F0 /* AuthentificationNetworkManager.swift */; };
		A3C883C52845395A001649F0 /* LocationNetworkManager.swift in Sources */ = {isa = PBXBuildFile; fileRef = A3C883C42845395A001649F0 /* LocationNetworkManager.swift */; };
		A3C883C928453A8E001649F0 /* AuthentificationStorageManager.swift in Sources */ = {isa = PBXBuildFile; fileRef = A3C883C828453A8E001649F0 /* AuthentificationStorageManager.swift */; };
		A3C883CB2845412D001649F0 /* ProfileStorageManager.swift in Sources */ = {isa = PBXBuildFile; fileRef = A3C883CA2845412D001649F0 /* ProfileStorageManager.swift */; };
		A3C883CF28454518001649F0 /* UserDefaultsStorageManager.swift in Sources */ = {isa = PBXBuildFile; fileRef = A3C883CE28454518001649F0 /* UserDefaultsStorageManager.swift */; };
		A3CD15D227FC7A34007CC36E /* AppDelegate.swift in Sources */ = {isa = PBXBuildFile; fileRef = A3CD15D127FC7A34007CC36E /* AppDelegate.swift */; };
		A3CD15D427FC7A34007CC36E /* SceneDelegate.swift in Sources */ = {isa = PBXBuildFile; fileRef = A3CD15D327FC7A34007CC36E /* SceneDelegate.swift */; };
		A3CD15D627FC7A34007CC36E /* AuthentificationViewController.swift in Sources */ = {isa = PBXBuildFile; fileRef = A3CD15D527FC7A34007CC36E /* AuthentificationViewController.swift */; };
		A3CD15D927FC7A34007CC36E /* Main.storyboard in Resources */ = {isa = PBXBuildFile; fileRef = A3CD15D727FC7A34007CC36E /* Main.storyboard */; };
		A3CD15DB27FC7A37007CC36E /* Assets.xcassets in Resources */ = {isa = PBXBuildFile; fileRef = A3CD15DA27FC7A37007CC36E /* Assets.xcassets */; };
		A3CD15DE27FC7A37007CC36E /* LaunchScreen.storyboard in Resources */ = {isa = PBXBuildFile; fileRef = A3CD15DC27FC7A37007CC36E /* LaunchScreen.storyboard */; };
		A3DD9AF32808604A008BDB37 /* RegistrationViewController.swift in Sources */ = {isa = PBXBuildFile; fileRef = A3DD9AF22808604A008BDB37 /* RegistrationViewController.swift */; };
/* End PBXBuildFile section */

/* Begin PBXFileReference section */
		A309BDC4281AA35E0076BC31 /* ProfileViewController.swift */ = {isa = PBXFileReference; lastKnownFileType = sourcecode.swift; path = ProfileViewController.swift; sourceTree = "<group>"; };
		A309BDD4281EE0940076BC31 /* RegistrationDateTableViewCell.swift */ = {isa = PBXFileReference; lastKnownFileType = sourcecode.swift; path = RegistrationDateTableViewCell.swift; sourceTree = "<group>"; };
		A309BDD5281EE0940076BC31 /* RegistrationDateTableViewCell.xib */ = {isa = PBXFileReference; lastKnownFileType = file.xib; path = RegistrationDateTableViewCell.xib; sourceTree = "<group>"; };
		A309BDDC281EE71B0076BC31 /* UITableViewCell+NibName.swift */ = {isa = PBXFileReference; lastKnownFileType = sourcecode.swift; path = "UITableViewCell+NibName.swift"; sourceTree = "<group>"; };
		A309BDDE281EE7D80076BC31 /* NSObject+ClassName.swift */ = {isa = PBXFileReference; lastKnownFileType = sourcecode.swift; path = "NSObject+ClassName.swift"; sourceTree = "<group>"; };
		A309BDE0281EEA800076BC31 /* ProfileColorTableViewCell.swift */ = {isa = PBXFileReference; lastKnownFileType = sourcecode.swift; path = ProfileColorTableViewCell.swift; sourceTree = "<group>"; };
		A309BDE1281EEA800076BC31 /* ProfileColorTableViewCell.xib */ = {isa = PBXFileReference; lastKnownFileType = file.xib; path = ProfileColorTableViewCell.xib; sourceTree = "<group>"; };
		A309BDE4281EEB000076BC31 /* UserPhotoTableViewCell.swift */ = {isa = PBXFileReference; lastKnownFileType = sourcecode.swift; path = UserPhotoTableViewCell.swift; sourceTree = "<group>"; };
		A309BDE5281EEB000076BC31 /* UserPhotoTableViewCell.xib */ = {isa = PBXFileReference; lastKnownFileType = file.xib; path = UserPhotoTableViewCell.xib; sourceTree = "<group>"; };
		A32DB5F028369E9200DDBD76 /* StorageManager.swift */ = {isa = PBXFileReference; lastKnownFileType = sourcecode.swift; path = StorageManager.swift; sourceTree = "<group>"; };
		A32DB5FD2839210200DDBD76 /* NetworkManager.swift */ = {isa = PBXFileReference; lastKnownFileType = sourcecode.swift; path = NetworkManager.swift; sourceTree = "<group>"; };
		A32DB60228396DE900DDBD76 /* UsernameStatus.swift */ = {isa = PBXFileReference; lastKnownFileType = sourcecode.swift; path = UsernameStatus.swift; sourceTree = "<group>"; };
		A32DB60428396F3000DDBD76 /* CheckUsername.swift */ = {isa = PBXFileReference; lastKnownFileType = sourcecode.swift; path = CheckUsername.swift; sourceTree = "<group>"; };
		A32DB606283972BD00DDBD76 /* TokenResponse.swift */ = {isa = PBXFileReference; lastKnownFileType = sourcecode.swift; path = TokenResponse.swift; sourceTree = "<group>"; };
		A32DB60D283C004600DDBD76 /* ServiceLocator.swift */ = {isa = PBXFileReference; lastKnownFileType = sourcecode.swift; path = ServiceLocator.swift; sourceTree = "<group>"; };
		A32DB60F283C0EDB00DDBD76 /* ProfileResponse.swift */ = {isa = PBXFileReference; lastKnownFileType = sourcecode.swift; path = ProfileResponse.swift; sourceTree = "<group>"; };
		A32DB611283CAE8D00DDBD76 /* AppSnackBar.swift */ = {isa = PBXFileReference; lastKnownFileType = sourcecode.swift; path = AppSnackBar.swift; sourceTree = "<group>"; };
		A359CF4B28466D820021BDCC /* LocationViewController.swift */ = {isa = PBXFileReference; lastKnownFileType = sourcecode.swift; path = LocationViewController.swift; sourceTree = "<group>"; };
		A359CF4D28466F6B0021BDCC /* LocationTableViewCell.swift */ = {isa = PBXFileReference; lastKnownFileType = sourcecode.swift; path = LocationTableViewCell.swift; sourceTree = "<group>"; };
		A359CF4E28466F6B0021BDCC /* LocationTableViewCell.xib */ = {isa = PBXFileReference; lastKnownFileType = file.xib; path = LocationTableViewCell.xib; sourceTree = "<group>"; };
		A3917E94280D67A2009168F0 /* FlickeringButton.swift */ = {isa = PBXFileReference; lastKnownFileType = sourcecode.swift; path = FlickeringButton.swift; sourceTree = "<group>"; };
		A3C883B82844ACD2001649F0 /* InfoResponse.swift */ = {isa = PBXFileReference; lastKnownFileType = sourcecode.swift; path = InfoResponse.swift; sourceTree = "<group>"; };
		A3C883BA2844ACF8001649F0 /* ResultsResponse.swift */ = {isa = PBXFileReference; lastKnownFileType = sourcecode.swift; path = ResultsResponse.swift; sourceTree = "<group>"; };
		A3C883BC2844B79A001649F0 /* LocationResponse.swift */ = {isa = PBXFileReference; lastKnownFileType = sourcecode.swift; path = LocationResponse.swift; sourceTree = "<group>"; };
		A3C883BE2845384C001649F0 /* ProfileNetworkManager.swift */ = {isa = PBXFileReference; lastKnownFileType = sourcecode.swift; path = ProfileNetworkManager.swift; sourceTree = "<group>"; };
		A3C883C0284538E3001649F0 /* RegistrationNetworkManager.swift */ = {isa = PBXFileReference; lastKnownFileType = sourcecode.swift; path = RegistrationNetworkManager.swift; sourceTree = "<group>"; };
		A3C883C228453939001649F0 /* AuthentificationNetworkManager.swift */ = {isa = PBXFileReference; lastKnownFileType = sourcecode.swift; path = AuthentificationNetworkManager.swift; sourceTree = "<group>"; };
		A3C883C42845395A001649F0 /* LocationNetworkManager.swift */ = {isa = PBXFileReference; lastKnownFileType = sourcecode.swift; path = LocationNetworkManager.swift; sourceTree = "<group>"; };
		A3C883C828453A8E001649F0 /* AuthentificationStorageManager.swift */ = {isa = PBXFileReference; lastKnownFileType = sourcecode.swift; path = AuthentificationStorageManager.swift; sourceTree = "<group>"; };
		A3C883CA2845412D001649F0 /* ProfileStorageManager.swift */ = {isa = PBXFileReference; lastKnownFileType = sourcecode.swift; path = ProfileStorageManager.swift; sourceTree = "<group>"; };
		A3C883CE28454518001649F0 /* UserDefaultsStorageManager.swift */ = {isa = PBXFileReference; lastKnownFileType = sourcecode.swift; path = UserDefaultsStorageManager.swift; sourceTree = "<group>"; };
		A3CD15CE27FC7A34007CC36E /* hnh1.app */ = {isa = PBXFileReference; explicitFileType = wrapper.application; includeInIndex = 0; path = hnh1.app; sourceTree = BUILT_PRODUCTS_DIR; };
		A3CD15D127FC7A34007CC36E /* AppDelegate.swift */ = {isa = PBXFileReference; lastKnownFileType = sourcecode.swift; path = AppDelegate.swift; sourceTree = "<group>"; };
		A3CD15D327FC7A34007CC36E /* SceneDelegate.swift */ = {isa = PBXFileReference; lastKnownFileType = sourcecode.swift; path = SceneDelegate.swift; sourceTree = "<group>"; };
		A3CD15D527FC7A34007CC36E /* AuthentificationViewController.swift */ = {isa = PBXFileReference; lastKnownFileType = sourcecode.swift; path = AuthentificationViewController.swift; sourceTree = "<group>"; };
		A3CD15D827FC7A34007CC36E /* Base */ = {isa = PBXFileReference; lastKnownFileType = file.storyboard; name = Base; path = Base.lproj/Main.storyboard; sourceTree = "<group>"; };
		A3CD15DA27FC7A37007CC36E /* Assets.xcassets */ = {isa = PBXFileReference; lastKnownFileType = folder.assetcatalog; path = Assets.xcassets; sourceTree = "<group>"; };
		A3CD15DD27FC7A37007CC36E /* Base */ = {isa = PBXFileReference; lastKnownFileType = file.storyboard; name = Base; path = Base.lproj/LaunchScreen.storyboard; sourceTree = "<group>"; };
		A3CD15DF27FC7A37007CC36E /* Info.plist */ = {isa = PBXFileReference; lastKnownFileType = text.plist.xml; path = Info.plist; sourceTree = "<group>"; };
		A3DD9AF22808604A008BDB37 /* RegistrationViewController.swift */ = {isa = PBXFileReference; lastKnownFileType = sourcecode.swift; path = RegistrationViewController.swift; sourceTree = "<group>"; };
/* End PBXFileReference section */

/* Begin PBXFrameworksBuildPhase section */
		A3CD15CB27FC7A34007CC36E /* Frameworks */ = {
			isa = PBXFrameworksBuildPhase;
			buildActionMask = 2147483647;
			files = (
				A32DB5F928391E7000DDBD76 /* Alamofire in Frameworks */,
				A32DB60A283B8BD900DDBD76 /* SnackBar in Frameworks */,
				A32DB5F628391E5800DDBD76 /* JGProgressHUD in Frameworks */,
				A32DB5EE283622ED00DDBD76 /* KeychainAccess in Frameworks */,
			);
			runOnlyForDeploymentPostprocessing = 0;
		};
/* End PBXFrameworksBuildPhase section */

/* Begin PBXGroup section */
		A32DB5E32832D18900DDBD76 /* profileCells */ = {
			isa = PBXGroup;
			children = (
				A309BDDE281EE7D80076BC31 /* NSObject+ClassName.swift */,
				A309BDDC281EE71B0076BC31 /* UITableViewCell+NibName.swift */,
				A309BDE5281EEB000076BC31 /* UserPhotoTableViewCell.xib */,
				A309BDE4281EEB000076BC31 /* UserPhotoTableViewCell.swift */,
				A309BDD5281EE0940076BC31 /* RegistrationDateTableViewCell.xib */,
				A309BDD4281EE0940076BC31 /* RegistrationDateTableViewCell.swift */,
				A309BDE1281EEA800076BC31 /* ProfileColorTableViewCell.xib */,
				A309BDE0281EEA800076BC31 /* ProfileColorTableViewCell.swift */,
			);
			path = profileCells;
			sourceTree = "<group>";
		};
		A32DB5EF28369E7300DDBD76 /* Services */ = {
			isa = PBXGroup;
			children = (
				A3C883C7284539BA001649F0 /* StorageManager */,
				A3C883C62845397C001649F0 /* NetworkManager */,
				A32DB5FF283969B600DDBD76 /* Response */,
				A32DB60D283C004600DDBD76 /* ServiceLocator.swift */,
			);
			path = Services;
			sourceTree = "<group>";
		};
		A32DB5FF283969B600DDBD76 /* Response */ = {
			isa = PBXGroup;
			children = (
				A32DB60228396DE900DDBD76 /* UsernameStatus.swift */,
				A32DB60428396F3000DDBD76 /* CheckUsername.swift */,
				A32DB606283972BD00DDBD76 /* TokenResponse.swift */,
				A32DB60F283C0EDB00DDBD76 /* ProfileResponse.swift */,
				A3C883B82844ACD2001649F0 /* InfoResponse.swift */,
				A3C883BA2844ACF8001649F0 /* ResultsResponse.swift */,
				A3C883BC2844B79A001649F0 /* LocationResponse.swift */,
			);
			path = Response;
			sourceTree = "<group>";
		};
		A32DB61A2842A7E800DDBD76 /* ViewControllers */ = {
			isa = PBXGroup;
			children = (
				A3C883B328448A1D001649F0 /* locationCells */,
				A32DB5E32832D18900DDBD76 /* profileCells */,
				A3CD15D527FC7A34007CC36E /* AuthentificationViewController.swift */,
				A3DD9AF22808604A008BDB37 /* RegistrationViewController.swift */,
				A309BDC4281AA35E0076BC31 /* ProfileViewController.swift */,
				A359CF4B28466D820021BDCC /* LocationViewController.swift */,
			);
			path = ViewControllers;
			sourceTree = "<group>";
		};
		A3C883B328448A1D001649F0 /* locationCells */ = {
			isa = PBXGroup;
			children = (
				A359CF4D28466F6B0021BDCC /* LocationTableViewCell.swift */,
				A359CF4E28466F6B0021BDCC /* LocationTableViewCell.xib */,
			);
			path = locationCells;
			sourceTree = "<group>";
		};
		A3C883C62845397C001649F0 /* NetworkManager */ = {
			isa = PBXGroup;
			children = (
				A32DB5FD2839210200DDBD76 /* NetworkManager.swift */,
				A3C883C228453939001649F0 /* AuthentificationNetworkManager.swift */,
				A3C883C0284538E3001649F0 /* RegistrationNetworkManager.swift */,
				A3C883BE2845384C001649F0 /* ProfileNetworkManager.swift */,
				A3C883C42845395A001649F0 /* LocationNetworkManager.swift */,
			);
			path = NetworkManager;
			sourceTree = "<group>";
		};
		A3C883C7284539BA001649F0 /* StorageManager */ = {
			isa = PBXGroup;
			children = (
				A32DB5F028369E9200DDBD76 /* StorageManager.swift */,
				A3C883C828453A8E001649F0 /* AuthentificationStorageManager.swift */,
				A3C883CA2845412D001649F0 /* ProfileStorageManager.swift */,
				A3C883CE28454518001649F0 /* UserDefaultsStorageManager.swift */,
			);
			path = StorageManager;
			sourceTree = "<group>";
		};
		A3C883DD284667B6001649F0 /* Frameworks */ = {
			isa = PBXGroup;
			children = (
			);
			name = Frameworks;
			sourceTree = "<group>";
		};
		A3CD15C527FC7A34007CC36E = {
			isa = PBXGroup;
			children = (
				A32DB61A2842A7E800DDBD76 /* ViewControllers */,
				A32DB5EF28369E7300DDBD76 /* Services */,
				A3CD15D027FC7A34007CC36E /* hnh1 */,
				A3CD15CF27FC7A34007CC36E /* Products */,
				A3C883DD284667B6001649F0 /* Frameworks */,
			);
			sourceTree = "<group>";
		};
		A3CD15CF27FC7A34007CC36E /* Products */ = {
			isa = PBXGroup;
			children = (
				A3CD15CE27FC7A34007CC36E /* hnh1.app */,
			);
			name = Products;
			sourceTree = "<group>";
		};
		A3CD15D027FC7A34007CC36E /* hnh1 */ = {
			isa = PBXGroup;
			children = (
				A3917E94280D67A2009168F0 /* FlickeringButton.swift */,
				A3CD15D127FC7A34007CC36E /* AppDelegate.swift */,
				A3CD15D327FC7A34007CC36E /* SceneDelegate.swift */,
				A3CD15D727FC7A34007CC36E /* Main.storyboard */,
				A3CD15DA27FC7A37007CC36E /* Assets.xcassets */,
				A3CD15DC27FC7A37007CC36E /* LaunchScreen.storyboard */,
				A3CD15DF27FC7A37007CC36E /* Info.plist */,
				A32DB611283CAE8D00DDBD76 /* AppSnackBar.swift */,
			);
			path = hnh1;
			sourceTree = "<group>";
		};
/* End PBXGroup section */

/* Begin PBXNativeTarget section */
		A3CD15CD27FC7A34007CC36E /* hnh1 */ = {
			isa = PBXNativeTarget;
			buildConfigurationList = A3CD15E227FC7A37007CC36E /* Build configuration list for PBXNativeTarget "hnh1" */;
			buildPhases = (
				A3CD15CA27FC7A34007CC36E /* Sources */,
				A3CD15CB27FC7A34007CC36E /* Frameworks */,
				A3CD15CC27FC7A34007CC36E /* Resources */,
			);
			buildRules = (
			);
			dependencies = (
			);
			name = hnh1;
			packageProductDependencies = (
				A32DB5ED283622ED00DDBD76 /* KeychainAccess */,
				A32DB5F528391E5800DDBD76 /* JGProgressHUD */,
				A32DB5F828391E7000DDBD76 /* Alamofire */,
				A32DB609283B8BD900DDBD76 /* SnackBar */,
			);
			productName = hnh1;
			productReference = A3CD15CE27FC7A34007CC36E /* hnh1.app */;
			productType = "com.apple.product-type.application";
		};
/* End PBXNativeTarget section */

/* Begin PBXProject section */
		A3CD15C627FC7A34007CC36E /* Project object */ = {
			isa = PBXProject;
			attributes = {
				BuildIndependentTargetsInParallel = 1;
				LastSwiftUpdateCheck = 1320;
				LastUpgradeCheck = 1320;
				TargetAttributes = {
					A3CD15CD27FC7A34007CC36E = {
						CreatedOnToolsVersion = 13.2.1;
					};
				};
			};
			buildConfigurationList = A3CD15C927FC7A34007CC36E /* Build configuration list for PBXProject "hnh1" */;
			compatibilityVersion = "Xcode 13.0";
			developmentRegion = en;
			hasScannedForEncodings = 0;
			knownRegions = (
				en,
				Base,
			);
			mainGroup = A3CD15C527FC7A34007CC36E;
			packageReferences = (
				A32DB5EC283622ED00DDBD76 /* XCRemoteSwiftPackageReference "KeychainAccess" */,
				A32DB5F428391E5800DDBD76 /* XCRemoteSwiftPackageReference "JGProgressHUD" */,
				A32DB5F728391E7000DDBD76 /* XCRemoteSwiftPackageReference "Alamofire" */,
				A32DB608283B8BD800DDBD76 /* XCRemoteSwiftPackageReference "SnackBar" */,
			);
			productRefGroup = A3CD15CF27FC7A34007CC36E /* Products */;
			projectDirPath = "";
			projectRoot = "";
			targets = (
				A3CD15CD27FC7A34007CC36E /* hnh1 */,
			);
		};
/* End PBXProject section */

/* Begin PBXResourcesBuildPhase section */
		A3CD15CC27FC7A34007CC36E /* Resources */ = {
			isa = PBXResourcesBuildPhase;
			buildActionMask = 2147483647;
			files = (
				A309BDE3281EEA800076BC31 /* ProfileColorTableViewCell.xib in Resources */,
				A3CD15DE27FC7A37007CC36E /* LaunchScreen.storyboard in Resources */,
				A359CF5028466F6B0021BDCC /* LocationTableViewCell.xib in Resources */,
				A3CD15DB27FC7A37007CC36E /* Assets.xcassets in Resources */,
				A309BDE7281EEB000076BC31 /* UserPhotoTableViewCell.xib in Resources */,
				A3CD15D927FC7A34007CC36E /* Main.storyboard in Resources */,
				A309BDD7281EE0940076BC31 /* RegistrationDateTableViewCell.xib in Resources */,
			);
			runOnlyForDeploymentPostprocessing = 0;
		};
/* End PBXResourcesBuildPhase section */

/* Begin PBXSourcesBuildPhase section */
		A3CD15CA27FC7A34007CC36E /* Sources */ = {
			isa = PBXSourcesBuildPhase;
			buildActionMask = 2147483647;
			files = (
				A3C883C1284538E3001649F0 /* RegistrationNetworkManager.swift in Sources */,
				A309BDC5281AA35E0076BC31 /* ProfileViewController.swift in Sources */,
				A3C883C928453A8E001649F0 /* AuthentificationStorageManager.swift in Sources */,
				A3C883CF28454518001649F0 /* UserDefaultsStorageManager.swift in Sources */,
				A359CF4F28466F6B0021BDCC /* LocationTableViewCell.swift in Sources */,
				A309BDD6281EE0940076BC31 /* RegistrationDateTableViewCell.swift in Sources */,
				A3CD15D627FC7A34007CC36E /* AuthentificationViewController.swift in Sources */,
				A3917E95280D67A2009168F0 /* FlickeringButton.swift in Sources */,
				A32DB60528396F3000DDBD76 /* CheckUsername.swift in Sources */,
				A3C883BB2844ACF8001649F0 /* ResultsResponse.swift in Sources */,
				A3C883B92844ACD2001649F0 /* InfoResponse.swift in Sources */,
				A3DD9AF32808604A008BDB37 /* RegistrationViewController.swift in Sources */,
				A32DB607283972BD00DDBD76 /* TokenResponse.swift in Sources */,
				A309BDE2281EEA800076BC31 /* ProfileColorTableViewCell.swift in Sources */,
				A359CF4C28466D820021BDCC /* LocationViewController.swift in Sources */,
				A3C883C52845395A001649F0 /* LocationNetworkManager.swift in Sources */,
				A32DB610283C0EDB00DDBD76 /* ProfileResponse.swift in Sources */,
				A32DB60328396DE900DDBD76 /* UsernameStatus.swift in Sources */,
				A3CD15D227FC7A34007CC36E /* AppDelegate.swift in Sources */,
				A3C883C328453939001649F0 /* AuthentificationNetworkManager.swift in Sources */,
				A3C883CB2845412D001649F0 /* ProfileStorageManager.swift in Sources */,
				A3C883BF2845384C001649F0 /* ProfileNetworkManager.swift in Sources */,
				A309BDDD281EE71B0076BC31 /* UITableViewCell+NibName.swift in Sources */,
				A309BDDF281EE7D80076BC31 /* NSObject+ClassName.swift in Sources */,
				A3C883BD2844B79A001649F0 /* LocationResponse.swift in Sources */,
				A32DB5FE2839210200DDBD76 /* NetworkManager.swift in Sources */,
				A32DB60E283C004600DDBD76 /* ServiceLocator.swift in Sources */,
				A309BDE6281EEB000076BC31 /* UserPhotoTableViewCell.swift in Sources */,
				A3CD15D427FC7A34007CC36E /* SceneDelegate.swift in Sources */,
				A32DB5F128369E9200DDBD76 /* StorageManager.swift in Sources */,
				A32DB612283CAE8D00DDBD76 /* AppSnackBar.swift in Sources */,
			);
			runOnlyForDeploymentPostprocessing = 0;
		};
/* End PBXSourcesBuildPhase section */

/* Begin PBXVariantGroup section */
		A3CD15D727FC7A34007CC36E /* Main.storyboard */ = {
			isa = PBXVariantGroup;
			children = (
				A3CD15D827FC7A34007CC36E /* Base */,
			);
			name = Main.storyboard;
			sourceTree = "<group>";
		};
		A3CD15DC27FC7A37007CC36E /* LaunchScreen.storyboard */ = {
			isa = PBXVariantGroup;
			children = (
				A3CD15DD27FC7A37007CC36E /* Base */,
			);
			name = LaunchScreen.storyboard;
			sourceTree = "<group>";
		};
/* End PBXVariantGroup section */

/* Begin XCBuildConfiguration section */
		A3CD15E027FC7A37007CC36E /* Debug */ = {
			isa = XCBuildConfiguration;
			buildSettings = {
				ALWAYS_SEARCH_USER_PATHS = NO;
				CLANG_ANALYZER_NONNULL = YES;
				CLANG_ANALYZER_NUMBER_OBJECT_CONVERSION = YES_AGGRESSIVE;
				CLANG_CXX_LANGUAGE_STANDARD = "gnu++17";
				CLANG_CXX_LIBRARY = "libc++";
				CLANG_ENABLE_MODULES = YES;
				CLANG_ENABLE_OBJC_ARC = YES;
				CLANG_ENABLE_OBJC_WEAK = YES;
				CLANG_WARN_BLOCK_CAPTURE_AUTORELEASING = YES;
				CLANG_WARN_BOOL_CONVERSION = YES;
				CLANG_WARN_COMMA = YES;
				CLANG_WARN_CONSTANT_CONVERSION = YES;
				CLANG_WARN_DEPRECATED_OBJC_IMPLEMENTATIONS = YES;
				CLANG_WARN_DIRECT_OBJC_ISA_USAGE = YES_ERROR;
				CLANG_WARN_DOCUMENTATION_COMMENTS = YES;
				CLANG_WARN_EMPTY_BODY = YES;
				CLANG_WARN_ENUM_CONVERSION = YES;
				CLANG_WARN_INFINITE_RECURSION = YES;
				CLANG_WARN_INT_CONVERSION = YES;
				CLANG_WARN_NON_LITERAL_NULL_CONVERSION = YES;
				CLANG_WARN_OBJC_IMPLICIT_RETAIN_SELF = YES;
				CLANG_WARN_OBJC_LITERAL_CONVERSION = YES;
				CLANG_WARN_OBJC_ROOT_CLASS = YES_ERROR;
				CLANG_WARN_QUOTED_INCLUDE_IN_FRAMEWORK_HEADER = YES;
				CLANG_WARN_RANGE_LOOP_ANALYSIS = YES;
				CLANG_WARN_STRICT_PROTOTYPES = YES;
				CLANG_WARN_SUSPICIOUS_MOVE = YES;
				CLANG_WARN_UNGUARDED_AVAILABILITY = YES_AGGRESSIVE;
				CLANG_WARN_UNREACHABLE_CODE = YES;
				CLANG_WARN__DUPLICATE_METHOD_MATCH = YES;
				COPY_PHASE_STRIP = NO;
				DEBUG_INFORMATION_FORMAT = dwarf;
				ENABLE_STRICT_OBJC_MSGSEND = YES;
				ENABLE_TESTABILITY = YES;
				GCC_C_LANGUAGE_STANDARD = gnu11;
				GCC_DYNAMIC_NO_PIC = NO;
				GCC_NO_COMMON_BLOCKS = YES;
				GCC_OPTIMIZATION_LEVEL = 0;
				GCC_PREPROCESSOR_DEFINITIONS = (
					"DEBUG=1",
					"$(inherited)",
				);
				GCC_WARN_64_TO_32_BIT_CONVERSION = YES;
				GCC_WARN_ABOUT_RETURN_TYPE = YES_ERROR;
				GCC_WARN_UNDECLARED_SELECTOR = YES;
				GCC_WARN_UNINITIALIZED_AUTOS = YES_AGGRESSIVE;
				GCC_WARN_UNUSED_FUNCTION = YES;
				GCC_WARN_UNUSED_VARIABLE = YES;
				IPHONEOS_DEPLOYMENT_TARGET = 15.2;
				MTL_ENABLE_DEBUG_INFO = INCLUDE_SOURCE;
				MTL_FAST_MATH = YES;
				ONLY_ACTIVE_ARCH = YES;
				SDKROOT = iphoneos;
				SWIFT_ACTIVE_COMPILATION_CONDITIONS = DEBUG;
				SWIFT_OPTIMIZATION_LEVEL = "-Onone";
			};
			name = Debug;
		};
		A3CD15E127FC7A37007CC36E /* Release */ = {
			isa = XCBuildConfiguration;
			buildSettings = {
				ALWAYS_SEARCH_USER_PATHS = NO;
				CLANG_ANALYZER_NONNULL = YES;
				CLANG_ANALYZER_NUMBER_OBJECT_CONVERSION = YES_AGGRESSIVE;
				CLANG_CXX_LANGUAGE_STANDARD = "gnu++17";
				CLANG_CXX_LIBRARY = "libc++";
				CLANG_ENABLE_MODULES = YES;
				CLANG_ENABLE_OBJC_ARC = YES;
				CLANG_ENABLE_OBJC_WEAK = YES;
				CLANG_WARN_BLOCK_CAPTURE_AUTORELEASING = YES;
				CLANG_WARN_BOOL_CONVERSION = YES;
				CLANG_WARN_COMMA = YES;
				CLANG_WARN_CONSTANT_CONVERSION = YES;
				CLANG_WARN_DEPRECATED_OBJC_IMPLEMENTATIONS = YES;
				CLANG_WARN_DIRECT_OBJC_ISA_USAGE = YES_ERROR;
				CLANG_WARN_DOCUMENTATION_COMMENTS = YES;
				CLANG_WARN_EMPTY_BODY = YES;
				CLANG_WARN_ENUM_CONVERSION = YES;
				CLANG_WARN_INFINITE_RECURSION = YES;
				CLANG_WARN_INT_CONVERSION = YES;
				CLANG_WARN_NON_LITERAL_NULL_CONVERSION = YES;
				CLANG_WARN_OBJC_IMPLICIT_RETAIN_SELF = YES;
				CLANG_WARN_OBJC_LITERAL_CONVERSION = YES;
				CLANG_WARN_OBJC_ROOT_CLASS = YES_ERROR;
				CLANG_WARN_QUOTED_INCLUDE_IN_FRAMEWORK_HEADER = YES;
				CLANG_WARN_RANGE_LOOP_ANALYSIS = YES;
				CLANG_WARN_STRICT_PROTOTYPES = YES;
				CLANG_WARN_SUSPICIOUS_MOVE = YES;
				CLANG_WARN_UNGUARDED_AVAILABILITY = YES_AGGRESSIVE;
				CLANG_WARN_UNREACHABLE_CODE = YES;
				CLANG_WARN__DUPLICATE_METHOD_MATCH = YES;
				COPY_PHASE_STRIP = NO;
				DEBUG_INFORMATION_FORMAT = "dwarf-with-dsym";
				ENABLE_NS_ASSERTIONS = NO;
				ENABLE_STRICT_OBJC_MSGSEND = YES;
				GCC_C_LANGUAGE_STANDARD = gnu11;
				GCC_NO_COMMON_BLOCKS = YES;
				GCC_WARN_64_TO_32_BIT_CONVERSION = YES;
				GCC_WARN_ABOUT_RETURN_TYPE = YES_ERROR;
				GCC_WARN_UNDECLARED_SELECTOR = YES;
				GCC_WARN_UNINITIALIZED_AUTOS = YES_AGGRESSIVE;
				GCC_WARN_UNUSED_FUNCTION = YES;
				GCC_WARN_UNUSED_VARIABLE = YES;
				IPHONEOS_DEPLOYMENT_TARGET = 15.2;
				MTL_ENABLE_DEBUG_INFO = NO;
				MTL_FAST_MATH = YES;
				SDKROOT = iphoneos;
				SWIFT_COMPILATION_MODE = wholemodule;
				SWIFT_OPTIMIZATION_LEVEL = "-O";
				VALIDATE_PRODUCT = YES;
			};
			name = Release;
		};
		A3CD15E327FC7A37007CC36E /* Debug */ = {
			isa = XCBuildConfiguration;
			buildSettings = {
				ASSETCATALOG_COMPILER_APPICON_NAME = AppIcon;
				ASSETCATALOG_COMPILER_GLOBAL_ACCENT_COLOR_NAME = AccentColor;
				CODE_SIGN_STYLE = Automatic;
				CURRENT_PROJECT_VERSION = 1;
				GENERATE_INFOPLIST_FILE = YES;
				INFOPLIST_FILE = hnh1/Info.plist;
				INFOPLIST_KEY_UIApplicationSupportsIndirectInputEvents = YES;
				INFOPLIST_KEY_UILaunchStoryboardName = LaunchScreen;
				INFOPLIST_KEY_UIMainStoryboardFile = Main;
				INFOPLIST_KEY_UISupportedInterfaceOrientations_iPad = "UIInterfaceOrientationPortrait UIInterfaceOrientationPortraitUpsideDown UIInterfaceOrientationLandscapeLeft UIInterfaceOrientationLandscapeRight";
				INFOPLIST_KEY_UISupportedInterfaceOrientations_iPhone = "UIInterfaceOrientationPortrait UIInterfaceOrientationLandscapeLeft UIInterfaceOrientationLandscapeRight";
				LD_RUNPATH_SEARCH_PATHS = (
					"$(inherited)",
					"@executable_path/Frameworks",
				);
				MARKETING_VERSION = 1.0;
				PRODUCT_BUNDLE_IDENTIFIER = new.hnh1;
				PRODUCT_NAME = "$(TARGET_NAME)";
				SWIFT_EMIT_LOC_STRINGS = YES;
				SWIFT_VERSION = 5.0;
				TARGETED_DEVICE_FAMILY = "1,2";
			};
			name = Debug;
		};
		A3CD15E427FC7A37007CC36E /* Release */ = {
			isa = XCBuildConfiguration;
			buildSettings = {
				ASSETCATALOG_COMPILER_APPICON_NAME = AppIcon;
				ASSETCATALOG_COMPILER_GLOBAL_ACCENT_COLOR_NAME = AccentColor;
				CODE_SIGN_STYLE = Automatic;
				CURRENT_PROJECT_VERSION = 1;
				GENERATE_INFOPLIST_FILE = YES;
				INFOPLIST_FILE = hnh1/Info.plist;
				INFOPLIST_KEY_UIApplicationSupportsIndirectInputEvents = YES;
				INFOPLIST_KEY_UILaunchStoryboardName = LaunchScreen;
				INFOPLIST_KEY_UIMainStoryboardFile = Main;
				INFOPLIST_KEY_UISupportedInterfaceOrientations_iPad = "UIInterfaceOrientationPortrait UIInterfaceOrientationPortraitUpsideDown UIInterfaceOrientationLandscapeLeft UIInterfaceOrientationLandscapeRight";
				INFOPLIST_KEY_UISupportedInterfaceOrientations_iPhone = "UIInterfaceOrientationPortrait UIInterfaceOrientationLandscapeLeft UIInterfaceOrientationLandscapeRight";
				LD_RUNPATH_SEARCH_PATHS = (
					"$(inherited)",
					"@executable_path/Frameworks",
				);
				MARKETING_VERSION = 1.0;
				PRODUCT_BUNDLE_IDENTIFIER = new.hnh1;
				PRODUCT_NAME = "$(TARGET_NAME)";
				SWIFT_EMIT_LOC_STRINGS = YES;
				SWIFT_VERSION = 5.0;
				TARGETED_DEVICE_FAMILY = "1,2";
			};
			name = Release;
		};
/* End XCBuildConfiguration section */

/* Begin XCConfigurationList section */
		A3CD15C927FC7A34007CC36E /* Build configuration list for PBXProject "hnh1" */ = {
			isa = XCConfigurationList;
			buildConfigurations = (
				A3CD15E027FC7A37007CC36E /* Debug */,
				A3CD15E127FC7A37007CC36E /* Release */,
			);
			defaultConfigurationIsVisible = 0;
			defaultConfigurationName = Release;
		};
		A3CD15E227FC7A37007CC36E /* Build configuration list for PBXNativeTarget "hnh1" */ = {
			isa = XCConfigurationList;
			buildConfigurations = (
				A3CD15E327FC7A37007CC36E /* Debug */,
				A3CD15E427FC7A37007CC36E /* Release */,
			);
			defaultConfigurationIsVisible = 0;
			defaultConfigurationName = Release;
		};
/* End XCConfigurationList section */

/* Begin XCRemoteSwiftPackageReference section */
		A32DB5EC283622ED00DDBD76 /* XCRemoteSwiftPackageReference "KeychainAccess" */ = {
			isa = XCRemoteSwiftPackageReference;
			repositoryURL = "https://github.com/kishikawakatsumi/KeychainAccess";
			requirement = {
				branch = master;
				kind = branch;
			};
		};
		A32DB5F428391E5800DDBD76 /* XCRemoteSwiftPackageReference "JGProgressHUD" */ = {
			isa = XCRemoteSwiftPackageReference;
			repositoryURL = "https://github.com/JonasGessner/JGProgressHUD.git";
			requirement = {
				branch = master;
				kind = branch;
			};
		};
		A32DB5F728391E7000DDBD76 /* XCRemoteSwiftPackageReference "Alamofire" */ = {
			isa = XCRemoteSwiftPackageReference;
			repositoryURL = "https://github.com/Alamofire/Alamofire";
			requirement = {
				branch = master;
				kind = branch;
			};
		};
		A32DB608283B8BD800DDBD76 /* XCRemoteSwiftPackageReference "SnackBar" */ = {
			isa = XCRemoteSwiftPackageReference;
			repositoryURL = "https://github.com/ahmedAlmasri/SnackBar.swift";
			requirement = {
				branch = master;
				kind = branch;
			};
		};
/* End XCRemoteSwiftPackageReference section */

/* Begin XCSwiftPackageProductDependency section */
		A32DB5ED283622ED00DDBD76 /* KeychainAccess */ = {
			isa = XCSwiftPackageProductDependency;
			package = A32DB5EC283622ED00DDBD76 /* XCRemoteSwiftPackageReference "KeychainAccess" */;
			productName = KeychainAccess;
		};
		A32DB5F528391E5800DDBD76 /* JGProgressHUD */ = {
			isa = XCSwiftPackageProductDependency;
			package = A32DB5F428391E5800DDBD76 /* XCRemoteSwiftPackageReference "JGProgressHUD" */;
			productName = JGProgressHUD;
		};
		A32DB5F828391E7000DDBD76 /* Alamofire */ = {
			isa = XCSwiftPackageProductDependency;
			package = A32DB5F728391E7000DDBD76 /* XCRemoteSwiftPackageReference "Alamofire" */;
			productName = Alamofire;
		};
		A32DB609283B8BD900DDBD76 /* SnackBar */ = {
			isa = XCSwiftPackageProductDependency;
			package = A32DB608283B8BD800DDBD76 /* XCRemoteSwiftPackageReference "SnackBar" */;
			productName = SnackBar;
		};
/* End XCSwiftPackageProductDependency section */
	};
	rootObject = A3CD15C627FC7A34007CC36E /* Project object */;
}
